# THIS IS AN AUTOGENERATED FILE. DO NOT EDIT THIS FILE DIRECTLY.
# yarn lockfile v1


ast-types@0.11.5:
  version "0.11.5"
  resolved "https://registry.yarnpkg.com/ast-types/-/ast-types-0.11.5.tgz#9890825d660c03c28339f315e9fa0a360e31ec28"

de-indent@^1.0.2:
  version "1.0.2"
  resolved "https://registry.yarnpkg.com/de-indent/-/de-indent-1.0.2.tgz#b2038e846dc33baa5796128d0804b455b8c1e21d"

esprima@^4.0.1, esprima@~4.0.0:
  version "4.0.1"
  resolved "https://registry.yarnpkg.com/esprima/-/esprima-4.0.1.tgz#13b04cdb3e6c5d19df91ab6987a8695619b0aa71"

he@^1.1.0:
  version "1.1.1"
  resolved "https://registry.yarnpkg.com/he/-/he-1.1.1.tgz#93410fd21b009735151f8868c2f271f3427e23fd"

private@~0.1.5:
  version "0.1.8"
  resolved "https://registry.yarnpkg.com/private/-/private-0.1.8.tgz#2381edb3689f7a53d653190060fcf822d2f368ff"

recast@^0.15.5:
  version "0.15.5"
  resolved "https://registry.yarnpkg.com/recast/-/recast-0.15.5.tgz#6871177ee26720be80d7624e4283d5c855a5cb0b"
  dependencies:
    ast-types "0.11.5"
    esprima "~4.0.0"
    private "~0.1.5"
    source-map "~0.6.1"

source-map@~0.6.1:
  version "0.6.1"
  resolved "https://registry.yarnpkg.com/source-map/-/source-map-0.6.1.tgz#74722af32e9614e9c287a8d0bbde48b5e2f1a263"

vue-template-compiler@^2.5.17:
  version "2.5.17"
  resolved "https://registry.yarnpkg.com/vue-template-compiler/-/vue-template-compiler-2.5.17.tgz#52a4a078c327deb937482a509ae85c06f346c3cb"
  dependencies:
    de-indent "^1.0.2"
    he "^1.1.0"
